// !$*UTF8*$!
{
	archiveVersion = 1;
	classes = {
	};
	objectVersion = 55;
	objects = {

/* Begin PBXBuildFile section */
		A13C689828BCB23E00D45552 /* WebImageDemoApp.swift in Sources */ = {isa = PBXBuildFile; fileRef = A13C689728BCB23E00D45552 /* WebImageDemoApp.swift */; };
		A13C689A28BCB23E00D45552 /* ContentView.swift in Sources */ = {isa = PBXBuildFile; fileRef = A13C689928BCB23E00D45552 /* ContentView.swift */; };
		A13C689C28BCB24200D45552 /* Assets.xcassets in Resources */ = {isa = PBXBuildFile; fileRef = A13C689B28BCB24200D45552 /* Assets.xcassets */; };
		A13C689F28BCB24200D45552 /* Preview Assets.xcassets in Resources */ = {isa = PBXBuildFile; fileRef = A13C689E28BCB24200D45552 /* Preview Assets.xcassets */; };
		A13C68A628BCB26400D45552 /* SimpleExample.swift in Sources */ = {isa = PBXBuildFile; fileRef = A13C68A528BCB26400D45552 /* SimpleExample.swift */; };
		A187956D28BCC1F70012D2CF /* SDWebImage in Frameworks */ = {isa = PBXBuildFile; productRef = A187956C28BCC1F70012D2CF /* SDWebImage */; };
		A187956F28BCC1F70012D2CF /* SDWebImageMapKit in Frameworks */ = {isa = PBXBuildFile; productRef = A187956E28BCC1F70012D2CF /* SDWebImageMapKit */; };
		A187957228BCC2CB0012D2CF /* SDWebImageSwiftUI in Frameworks */ = {isa = PBXBuildFile; productRef = A187957128BCC2CB0012D2CF /* SDWebImageSwiftUI */; };
		A1D1998728BCB36B006FEB88 /* WebImageExample.swift in Sources */ = {isa = PBXBuildFile; fileRef = A1D1998628BCB36B006FEB88 /* WebImageExample.swift */; };
/* End PBXBuildFile section */

/* Begin PBXFileReference section */
		A13C689428BCB23E00D45552 /* WebImageDemo.app */ = {isa = PBXFileReference; explicitFileType = wrapper.application; includeInIndex = 0; path = WebImageDemo.app; sourceTree = BUILT_PRODUCTS_DIR; };
		A13C689728BCB23E00D45552 /* WebImageDemoApp.swift */ = {isa = PBXFileReference; lastKnownFileType = sourcecode.swift; path = WebImageDemoApp.swift; sourceTree = "<group>"; };
		A13C689928BCB23E00D45552 /* ContentView.swift */ = {isa = PBXFileReference; lastKnownFileType = sourcecode.swift; path = ContentView.swift; sourceTree = "<group>"; };
		A13C689B28BCB24200D45552 /* Assets.xcassets */ = {isa = PBXFileReference; lastKnownFileType = folder.assetcatalog; path = Assets.xcassets; sourceTree = "<group>"; };
		A13C689E28BCB24200D45552 /* Preview Assets.xcassets */ = {isa = PBXFileReference; lastKnownFileType = folder.assetcatalog; path = "Preview Assets.xcassets"; sourceTree = "<group>"; };
		A13C68A528BCB26400D45552 /* SimpleExample.swift */ = {isa = PBXFileReference; lastKnownFileType = sourcecode.swift; path = SimpleExample.swift; sourceTree = "<group>"; };
		A1D1998628BCB36B006FEB88 /* WebImageExample.swift */ = {isa = PBXFileReference; lastKnownFileType = sourcecode.swift; path = WebImageExample.swift; sourceTree = "<group>"; };
/* End PBXFileReference section */

/* Begin PBXFrameworksBuildPhase section */
		A13C689128BCB23E00D45552 /* Frameworks */ = {
			isa = PBXFrameworksBuildPhase;
			buildActionMask = 2147483647;
			files = (
				A187957228BCC2CB0012D2CF /* SDWebImageSwiftUI in Frameworks */,
				A187956F28BCC1F70012D2CF /* SDWebImageMapKit in Frameworks */,
				A187956D28BCC1F70012D2CF /* SDWebImage in Frameworks */,
			);
			runOnlyForDeploymentPostprocessing = 0;
		};
/* End PBXFrameworksBuildPhase section */

/* Begin PBXGroup section */
		A13C688B28BCB23E00D45552 = {
			isa = PBXGroup;
			children = (
				A13C689628BCB23E00D45552 /* WebImageDemo */,
				A13C689528BCB23E00D45552 /* Products */,
			);
			sourceTree = "<group>";
		};
		A13C689528BCB23E00D45552 /* Products */ = {
			isa = PBXGroup;
			children = (
				A13C689428BCB23E00D45552 /* WebImageDemo.app */,
			);
			name = Products;
			sourceTree = "<group>";
		};
		A13C689628BCB23E00D45552 /* WebImageDemo */ = {
			isa = PBXGroup;
			children = (
				A13C689728BCB23E00D45552 /* WebImageDemoApp.swift */,
				A13C689928BCB23E00D45552 /* ContentView.swift */,
				A13C689B28BCB24200D45552 /* Assets.xcassets */,
				A13C689D28BCB24200D45552 /* Preview Content */,
				A13C68A528BCB26400D45552 /* SimpleExample.swift */,
				A1D1998628BCB36B006FEB88 /* WebImageExample.swift */,
			);
			path = WebImageDemo;
			sourceTree = "<group>";
		};
		A13C689D28BCB24200D45552 /* Preview Content */ = {
			isa = PBXGroup;
			children = (
				A13C689E28BCB24200D45552 /* Preview Assets.xcassets */,
			);
			path = "Preview Content";
			sourceTree = "<group>";
		};
/* End PBXGroup section */

/* Begin PBXNativeTarget section */
		A13C689328BCB23E00D45552 /* WebImageDemo */ = {
			isa = PBXNativeTarget;
			buildConfigurationList = A13C68A228BCB24200D45552 /* Build configuration list for PBXNativeTarget "WebImageDemo" */;
			buildPhases = (
				A13C689028BCB23E00D45552 /* Sources */,
				A13C689128BCB23E00D45552 /* Frameworks */,
				A13C689228BCB23E00D45552 /* Resources */,
			);
			buildRules = (
			);
			dependencies = (
			);
			name = WebImageDemo;
			packageProductDependencies = (
				A187956C28BCC1F70012D2CF /* SDWebImage */,
				A187956E28BCC1F70012D2CF /* SDWebImageMapKit */,
				A187957128BCC2CB0012D2CF /* SDWebImageSwiftUI */,
			);
			productName = WebImageDemo;
			productReference = A13C689428BCB23E00D45552 /* WebImageDemo.app */;
			productType = "com.apple.product-type.application";
		};
/* End PBXNativeTarget section */

/* Begin PBXProject section */
		A13C688C28BCB23E00D45552 /* Project object */ = {
			isa = PBXProject;
			attributes = {
				BuildIndependentTargetsInParallel = 1;
				LastSwiftUpdateCheck = 1340;
				LastUpgradeCheck = 1340;
				TargetAttributes = {
					A13C689328BCB23E00D45552 = {
						CreatedOnToolsVersion = 13.4.1;
					};
				};
			};
			buildConfigurationList = A13C688F28BCB23E00D45552 /* Build configuration list for PBXProject "WebImageDemo" */;
			compatibilityVersion = "Xcode 13.0";
			developmentRegion = en;
			hasScannedForEncodings = 0;
			knownRegions = (
				en,
				Base,
			);
			mainGroup = A13C688B28BCB23E00D45552;
			packageReferences = (
				A187956B28BCC1F70012D2CF /* XCRemoteSwiftPackageReference "SDWebImage" */,
				A187957028BCC2CB0012D2CF /* XCRemoteSwiftPackageReference "SDWebImageSwiftUI" */,
			);
			productRefGroup = A13C689528BCB23E00D45552 /* Products */;
			projectDirPath = "";
			projectRoot = "";
			targets = (
				A13C689328BCB23E00D45552 /* WebImageDemo */,
			);
		};
/* End PBXProject section */

/* Begin PBXResourcesBuildPhase section */
		A13C689228BCB23E00D45552 /* Resources */ = {
			isa = PBXResourcesBuildPhase;
			buildActionMask = 2147483647;
			files = (
				A13C689F28BCB24200D45552 /* Preview Assets.xcassets in Resources */,
				A13C689C28BCB24200D45552 /* Assets.xcassets in Resources */,
			);
			runOnlyForDeploymentPostprocessing = 0;
		};
/* End PBXResourcesBuildPhase section */

/* Begin PBXSourcesBuildPhase section */
		A13C689028BCB23E00D45552 /* Sources */ = {
			isa = PBXSourcesBuildPhase;
			buildActionMask = 2147483647;
			files = (
				A13C689A28BCB23E00D45552 /* ContentView.swift in Sources */,
				A1D1998728BCB36B006FEB88 /* WebImageExample.swift in Sources */,
				A13C68A628BCB26400D45552 /* SimpleExample.swift in Sources */,
				A13C689828BCB23E00D45552 /* WebImageDemoApp.swift in Sources */,
			);
			runOnlyForDeploymentPostprocessing = 0;
		};
/* End PBXSourcesBuildPhase section */

/* Begin XCBuildConfiguration section */
		A13C68A028BCB24200D45552 /* Debug */ = {
			isa = XCBuildConfiguration;
			buildSettings = {
				ALWAYS_SEARCH_USER_PATHS = NO;
				CLANG_ANALYZER_NONNULL = YES;
				CLANG_ANALYZER_NUMBER_OBJECT_CONVERSION = YES_AGGRESSIVE;
				CLANG_CXX_LANGUAGE_STANDARD = "gnu++17";
				CLANG_ENABLE_MODULES = YES;
				CLANG_ENABLE_OBJC_ARC = YES;
				CLANG_ENABLE_OBJC_WEAK = YES;
				CLANG_WARN_BLOCK_CAPTURE_AUTORELEASING = YES;
				CLANG_WARN_BOOL_CONVERSION = YES;
				CLANG_WARN_COMMA = YES;
				CLANG_WARN_CONSTANT_CONVERSION = YES;
				CLANG_WARN_DEPRECATED_OBJC_IMPLEMENTATIONS = YES;
				CLANG_WARN_DIRECT_OBJC_ISA_USAGE = YES_ERROR;
				CLANG_WARN_DOCUMENTATION_COMMENTS = YES;
				CLANG_WARN_EMPTY_BODY = YES;
				CLANG_WARN_ENUM_CONVERSION = YES;
				CLANG_WARN_INFINITE_RECURSION = YES;
				CLANG_WARN_INT_CONVERSION = YES;
				CLANG_WARN_NON_LITERAL_NULL_CONVERSION = YES;
				CLANG_WARN_OBJC_IMPLICIT_RETAIN_SELF = YES;
				CLANG_WARN_OBJC_LITERAL_CONVERSION = YES;
				CLANG_WARN_OBJC_ROOT_CLASS = YES_ERROR;
				CLANG_WARN_QUOTED_INCLUDE_IN_FRAMEWORK_HEADER = YES;
				CLANG_WARN_RANGE_LOOP_ANALYSIS = YES;
				CLANG_WARN_STRICT_PROTOTYPES = YES;
				CLANG_WARN_SUSPICIOUS_MOVE = YES;
				CLANG_WARN_UNGUARDED_AVAILABILITY = YES_AGGRESSIVE;
				CLANG_WARN_UNREACHABLE_CODE = YES;
				CLANG_WARN__DUPLICATE_METHOD_MATCH = YES;
				COPY_PHASE_STRIP = NO;
				DEBUG_INFORMATION_FORMAT = dwarf;
				ENABLE_STRICT_OBJC_MSGSEND = YES;
				ENABLE_TESTABILITY = YES;
				GCC_C_LANGUAGE_STANDARD = gnu11;
				GCC_DYNAMIC_NO_PIC = NO;
				GCC_NO_COMMON_BLOCKS = YES;
				GCC_OPTIMIZATION_LEVEL = 0;
				GCC_PREPROCESSOR_DEFINITIONS = (
					"DEBUG=1",
					"$(inherited)",
				);
				GCC_WARN_64_TO_32_BIT_CONVERSION = YES;
				GCC_WARN_ABOUT_RETURN_TYPE = YES_ERROR;
				GCC_WARN_UNDECLARED_SELECTOR = YES;
				GCC_WARN_UNINITIALIZED_AUTOS = YES_AGGRESSIVE;
				GCC_WARN_UNUSED_FUNCTION = YES;
				GCC_WARN_UNUSED_VARIABLE = YES;
				IPHONEOS_DEPLOYMENT_TARGET = 15.5;
				MTL_ENABLE_DEBUG_INFO = INCLUDE_SOURCE;
				MTL_FAST_MATH = YES;
				ONLY_ACTIVE_ARCH = YES;
				SDKROOT = iphoneos;
				SWIFT_ACTIVE_COMPILATION_CONDITIONS = DEBUG;
				SWIFT_OPTIMIZATION_LEVEL = "-Onone";
			};
			name = Debug;
		};
		A13C68A128BCB24200D45552 /* Release */ = {
			isa = XCBuildConfiguration;
			buildSettings = {
				ALWAYS_SEARCH_USER_PATHS = NO;
				CLANG_ANALYZER_NONNULL = YES;
				CLANG_ANALYZER_NUMBER_OBJECT_CONVERSION = YES_AGGRESSIVE;
				CLANG_CXX_LANGUAGE_STANDARD = "gnu++17";
				CLANG_ENABLE_MODULES = YES;
				CLANG_ENABLE_OBJC_ARC = YES;
				CLANG_ENABLE_OBJC_WEAK = YES;
				CLANG_WARN_BLOCK_CAPTURE_AUTORELEASING = YES;
				CLANG_WARN_BOOL_CONVERSION = YES;
				CLANG_WARN_COMMA = YES;
				CLANG_WARN_CONSTANT_CONVERSION = YES;
				CLANG_WARN_DEPRECATED_OBJC_IMPLEMENTATIONS = YES;
				CLANG_WARN_DIRECT_OBJC_ISA_USAGE = YES_ERROR;
				CLANG_WARN_DOCUMENTATION_COMMENTS = YES;
				CLANG_WARN_EMPTY_BODY = YES;
				CLANG_WARN_ENUM_CONVERSION = YES;
				CLANG_WARN_INFINITE_RECURSION = YES;
				CLANG_WARN_INT_CONVERSION = YES;
				CLANG_WARN_NON_LITERAL_NULL_CONVERSION = YES;
				CLANG_WARN_OBJC_IMPLICIT_RETAIN_SELF = YES;
				CLANG_WARN_OBJC_LITERAL_CONVERSION = YES;
				CLANG_WARN_OBJC_ROOT_CLASS = YES_ERROR;
				CLANG_WARN_QUOTED_INCLUDE_IN_FRAMEWORK_HEADER = YES;
				CLANG_WARN_RANGE_LOOP_ANALYSIS = YES;
				CLANG_WARN_STRICT_PROTOTYPES = YES;
				CLANG_WARN_SUSPICIOUS_MOVE = YES;
				CLANG_WARN_UNGUARDED_AVAILABILITY = YES_AGGRESSIVE;
				CLANG_WARN_UNREACHABLE_CODE = YES;
				CLANG_WARN__DUPLICATE_METHOD_MATCH = YES;
				COPY_PHASE_STRIP = NO;
				DEBUG_INFORMATION_FORMAT = "dwarf-with-dsym";
				ENABLE_NS_ASSERTIONS = NO;
				ENABLE_STRICT_OBJC_MSGSEND = YES;
				GCC_C_LANGUAGE_STANDARD = gnu11;
				GCC_NO_COMMON_BLOCKS = YES;
				GCC_WARN_64_TO_32_BIT_CONVERSION = YES;
				GCC_WARN_ABOUT_RETURN_TYPE = YES_ERROR;
				GCC_WARN_UNDECLARED_SELECTOR = YES;
				GCC_WARN_UNINITIALIZED_AUTOS = YES_AGGRESSIVE;
				GCC_WARN_UNUSED_FUNCTION = YES;
				GCC_WARN_UNUSED_VARIABLE = YES;
				IPHONEOS_DEPLOYMENT_TARGET = 15.5;
				MTL_ENABLE_DEBUG_INFO = NO;
				MTL_FAST_MATH = YES;
				SDKROOT = iphoneos;
				SWIFT_COMPILATION_MODE = wholemodule;
				SWIFT_OPTIMIZATION_LEVEL = "-O";
				VALIDATE_PRODUCT = YES;
			};
			name = Release;
		};
		A13C68A328BCB24200D45552 /* Debug */ = {
			isa = XCBuildConfiguration;
			buildSettings = {
				ASSETCATALOG_COMPILER_APPICON_NAME = AppIcon;
				ASSETCATALOG_COMPILER_GLOBAL_ACCENT_COLOR_NAME = AccentColor;
				CODE_SIGN_STYLE = Automatic;
				CURRENT_PROJECT_VERSION = 1;
				DEVELOPMENT_ASSET_PATHS = "\"WebImageDemo/Preview Content\"";
				DEVELOPMENT_TEAM = XV96J56XZ5;
				ENABLE_PREVIEWS = YES;
				GENERATE_INFOPLIST_FILE = YES;
				INFOPLIST_KEY_UIApplicationSceneManifest_Generation = YES;
				INFOPLIST_KEY_UIApplicationSupportsIndirectInputEvents = YES;
				INFOPLIST_KEY_UILaunchScreen_Generation = YES;
				INFOPLIST_KEY_UISupportedInterfaceOrientations_iPad = "UIInterfaceOrientationPortrait UIInterfaceOrientationPortraitUpsideDown UIInterfaceOrientationLandscapeLeft UIInterfaceOrientationLandscapeRight";
				INFOPLIST_KEY_UISupportedInterfaceOrientations_iPhone = "UIInterfaceOrientationPortrait UIInterfaceOrientationLandscapeLeft UIInterfaceOrientationLandscapeRight";
				LD_RUNPATH_SEARCH_PATHS = (
					"$(inherited)",
					"@executable_path/Frameworks",
				);
				MARKETING_VERSION = 1.0;
				PRODUCT_BUNDLE_IDENTIFIER = com.soft.andy.WebImageDemo;
				PRODUCT_NAME = "$(TARGET_NAME)";
				SWIFT_EMIT_LOC_STRINGS = YES;
				SWIFT_VERSION = 5.0;
				TARGETED_DEVICE_FAMILY = "1,2";
			};
			name = Debug;
		};
		A13C68A428BCB24200D45552 /* Release */ = {
			isa = XCBuildConfiguration;
			buildSettings = {
				ASSETCATALOG_COMPILER_APPICON_NAME = AppIcon;
				ASSETCATALOG_COMPILER_GLOBAL_ACCENT_COLOR_NAME = AccentColor;
				CODE_SIGN_STYLE = Automatic;
				CURRENT_PROJECT_VERSION = 1;
				DEVELOPMENT_ASSET_PATHS = "\"WebImageDemo/Preview Content\"";
				DEVELOPMENT_TEAM = XV96J56XZ5;
				ENABLE_PREVIEWS = YES;
				GENERATE_INFOPLIST_FILE = YES;
				INFOPLIST_KEY_UIApplicationSceneManifest_Generation = YES;
				INFOPLIST_KEY_UIApplicationSupportsIndirectInputEvents = YES;
				INFOPLIST_KEY_UILaunchScreen_Generation = YES;
				INFOPLIST_KEY_UISupportedInterfaceOrientations_iPad = "UIInterfaceOrientationPortrait UIInterfaceOrientationPortraitUpsideDown UIInterfaceOrientationLandscapeLeft UIInterfaceOrientationLandscapeRight";
				INFOPLIST_KEY_UISupportedInterfaceOrientations_iPhone = "UIInterfaceOrientationPortrait UIInterfaceOrientationLandscapeLeft UIInterfaceOrientationLandscapeRight";
				LD_RUNPATH_SEARCH_PATHS = (
					"$(inherited)",
					"@executable_path/Frameworks",
				);
				MARKETING_VERSION = 1.0;
				PRODUCT_BUNDLE_IDENTIFIER = com.soft.andy.WebImageDemo;
				PRODUCT_NAME = "$(TARGET_NAME)";
				SWIFT_EMIT_LOC_STRINGS = YES;
				SWIFT_VERSION = 5.0;
				TARGETED_DEVICE_FAMILY = "1,2";
			};
			name = Release;
		};
/* End XCBuildConfiguration section */

/* Begin XCConfigurationList section */
		A13C688F28BCB23E00D45552 /* Build configuration list for PBXProject "WebImageDemo" */ = {
			isa = XCConfigurationList;
			buildConfigurations = (
				A13C68A028BCB24200D45552 /* Debug */,
				A13C68A128BCB24200D45552 /* Release */,
			);
			defaultConfigurationIsVisible = 0;
			defaultConfigurationName = Release;
		};
		A13C68A228BCB24200D45552 /* Build configuration list for PBXNativeTarget "WebImageDemo" */ = {
			isa = XCConfigurationList;
			buildConfigurations = (
				A13C68A328BCB24200D45552 /* Debug */,
				A13C68A428BCB24200D45552 /* Release */,
			);
			defaultConfigurationIsVisible = 0;
			defaultConfigurationName = Release;
		};
/* End XCConfigurationList section */

/* Begin XCRemoteSwiftPackageReference section */
		A187956B28BCC1F70012D2CF /* XCRemoteSwiftPackageReference "SDWebImage" */ = {
			isa = XCRemoteSwiftPackageReference;
			repositoryURL = "https://github.com/SDWebImage/SDWebImage.git";
			requirement = {
				kind = upToNextMajorVersion;
				minimumVersion = 5.0.0;
			};
		};
		A187957028BCC2CB0012D2CF /* XCRemoteSwiftPackageReference "SDWebImageSwiftUI" */ = {
			isa = XCRemoteSwiftPackageReference;
			repositoryURL = "https://github.com/SDWebImage/SDWebImageSwiftUI.git";
			requirement = {
				kind = upToNextMajorVersion;
				minimumVersion = 2.0.0;
			};
		};
/* End XCRemoteSwiftPackageReference section */

/* Begin XCSwiftPackageProductDependency section */
		A187956C28BCC1F70012D2CF /* SDWebImage */ = {
			isa = XCSwiftPackageProductDependency;
			package = A187956B28BCC1F70012D2CF /* XCRemoteSwiftPackageReference "SDWebImage" */;
			productName = SDWebImage;
		};
		A187956E28BCC1F70012D2CF /* SDWebImageMapKit */ = {
			isa = XCSwiftPackageProductDependency;
			package = A187956B28BCC1F70012D2CF /* XCRemoteSwiftPackageReference "SDWebImage" */;
			productName = SDWebImageMapKit;
		};
		A187957128BCC2CB0012D2CF /* SDWebImageSwiftUI */ = {
			isa = XCSwiftPackageProductDependency;
			package = A187957028BCC2CB0012D2CF /* XCRemoteSwiftPackageReference "SDWebImageSwiftUI" */;
			productName = SDWebImageSwiftUI;
		};
/* End XCSwiftPackageProductDependency section */
	};
	rootObject = A13C688C28BCB23E00D45552 /* Project object */;
}
